{
  "originHash" : "6a9c54d234f6273126581dd40810a107c3153b0b0425b31c1234880c58b66245",
  "pins" : [
    {
      "identity" : "apple-swiftpackage-kochavanetworking-xcframework",
      "kind" : "remoteSourceControl",
      "location" : "https://github.com/Kochava/Apple-SwiftPackage-KochavaNetworking-XCFramework",
      "state" : {
        "revision" : "d99a6ddefbde3c2e22227ce99f6ee89ebc00b8f2",
        "version" : "10.0.2"
      }
    }
  ],
  "version" : 3
}
