{
  "originHash" : "fe64e6ac045bde8401072eab913caa922ebe8be383f62a0c547e41cf3174db7c",
  "pins" : [
    {
      "identity" : "apple-swiftpackage-kochavanetworking-xcframework",
      "kind" : "remoteSourceControl",
      "location" : "https://github.com/Kochava/Apple-SwiftPackage-KochavaNetworking-XCFramework",
      "state" : {
        "revision" : "a780ab3c8f4503e2306a16cef2b3ee6ba59ab300",
        "version" : "9.1.0"
      }
    }
  ],
  "version" : 3
}
