{
  "originHash" : "ddcb4bf18f616f3e748324c4bbfd6af7869761a95f82ac34f47f4ba93d149a5d",
  "pins" : [
    {
      "identity" : "apple-swiftpackage-kochavanetworking-xcframework",
      "kind" : "remoteSourceControl",
      "location" : "https://github.com/Kochava/Apple-SwiftPackage-KochavaNetworking-XCFramework",
      "state" : {
        "revision" : "28efbad74e9cc712229456ac71acb792be5418aa",
        "version" : "10.0.1"
      }
    }
  ],
  "version" : 3
}
